{
  "nodes": {
    "apple-silicon": {
      "inputs": {
        "flake-compat": "flake-compat",
        "nixpkgs": "nixpkgs"
      },
      "locked": {
        "lastModified": 1767637567,
        "narHash": "sha256-njwPfL5gM/KRGLJ29CbQ4nLBoEkNPMvEHBAAPOP8BZc=",
        "owner": "tpwrules",
        "repo": "nixos-apple-silicon",
        "rev": "530aa73aa9a21a078ff861b84767ae1d469715fa",
        "type": "github"
      },
      "original": {
        "owner": "tpwrules",
        "repo": "nixos-apple-silicon",
        "type": "github"
      }
    },
    "darwin": {
      "inputs": {
        "nixpkgs": [
          "nixpkgs"
        ]
      },
      "locked": {
        "lastModified": 1767718503,
        "narHash": "sha256-V+VkFs0aSG0ca8p/N3gib7FAf4cq9jyr5Gm+ZBrHQpo=",
        "owner": "lnl7",
        "repo": "nix-darwin",
        "rev": "9f48ffaca1f44b3e590976b4da8666a9e86e6eb1",
        "type": "github"
      },
      "original": {
        "owner": "lnl7",
        "ref": "master",
        "repo": "nix-darwin",
        "type": "github"
      }
    },
    "flake-compat": {
      "locked": {
        "lastModified": 1746162366,
        "narHash": "sha256-5SSSZ/oQkwfcAz/o/6TlejlVGqeK08wyREBQ5qFFPhM=",
        "owner": "nix-community",
        "repo": "flake-compat",
        "rev": "0f158086a2ecdbb138cd0429410e44994f1b7e4b",
        "type": "github"
      },
      "original": {
        "owner": "nix-community",
        "repo": "flake-compat",
        "type": "github"
      }
    },
    "flake-utils": {
      "inputs": {
        "systems": "systems"
      },
      "locked": {
        "lastModified": 1731533236,
        "narHash": "sha256-l0KFg5HjrsfsO/JpG+r7fRrqm12kzFHyUHqHCVpMMbI=",
        "owner": "numtide",
        "repo": "flake-utils",
        "rev": "11707dc2f618dd54ca8739b309ec4fc024de578b",
        "type": "github"
      },
      "original": {
        "owner": "numtide",
        "repo": "flake-utils",
        "type": "github"
      }
    },
    "home-manager": {
      "inputs": {
        "nixpkgs": [
          "nixpkgs"
        ]
      },
      "locked": {
        "lastModified": 1767971841,
        "narHash": "sha256-TwDXF4MkmjI9c3Sly9FOWXf4sPbre6ZujG87v39G1Ig=",
        "owner": "nix-community",
        "repo": "home-manager",
        "rev": "0e4217b2c4827e71e2e612accccb01981c16afda",
        "type": "github"
      },
      "original": {
        "owner": "nix-community",
        "repo": "home-manager",
        "type": "github"
      }
    },
    "model": {
      "flake": false,
      "locked": {
        "narHash": "sha256-aMuDhcvEaioTWn+LUcnxfAgs2VFbM8xBVVfdzx2Cu8I=",
        "type": "file",
        "url": "https://huggingface.co/ggerganov/whisper.cpp/resolve/main/ggml-large-v3.bin?download=true"
      },
      "original": {
        "type": "file",
        "url": "https://huggingface.co/ggerganov/whisper.cpp/resolve/main/ggml-large-v3.bin?download=true"
      }
    },
    "nixpkgs": {
      "locked": {
        "lastModified": 1762977756,
        "narHash": "sha256-4PqRErxfe+2toFJFgcRKZ0UI9NSIOJa+7RXVtBhy4KE=",
        "owner": "NixOS",
        "repo": "nixpkgs",
        "rev": "c5ae371f1a6a7fd27823bc500d9390b38c05fa55",
        "type": "github"
      },
      "original": {
        "owner": "NixOS",
        "ref": "nixos-unstable",
        "repo": "nixpkgs",
        "type": "github"
      }
    },
    "nixpkgs_2": {
      "locked": {
        "lastModified": 1767364772,
        "narHash": "sha256-fFUnEYMla8b7UKjijLnMe+oVFOz6HjijGGNS1l7dYaQ=",
        "owner": "NixOS",
        "repo": "nixpkgs",
        "rev": "16c7794d0a28b5a37904d55bcca36003b9109aaa",
        "type": "github"
      },
      "original": {
        "owner": "NixOS",
        "ref": "nixpkgs-unstable",
        "repo": "nixpkgs",
        "type": "github"
      }
    },
    "nixpkgs_3": {
      "locked": {
        "lastModified": 1734254970,
        "narHash": "sha256-yZzYWWWeOqSFvIirHzY1SJiuSBPmXIYJFhyt+1zkv8A=",
        "owner": "nixos",
        "repo": "nixpkgs",
        "rev": "d388ee0ec8c623389ab3a7caead258a94cec14de",
        "type": "github"
      },
      "original": {
        "owner": "nixos",
        "repo": "nixpkgs",
        "type": "github"
      }
    },
    "root": {
      "inputs": {
        "apple-silicon": "apple-silicon",
        "darwin": "darwin",
        "home-manager": "home-manager",
        "nixpkgs": "nixpkgs_2",
        "whisper": "whisper"
      }
    },
    "systems": {
      "locked": {
        "lastModified": 1681028828,
        "narHash": "sha256-Vy1rq5AaRuLzOxct8nz4T6wlgyUR7zLU309k9mBC768=",
        "owner": "nix-systems",
        "repo": "default",
        "rev": "da67096a3b9bf56a91d16901293e51ba5b49a27e",
        "type": "github"
      },
      "original": {
        "owner": "nix-systems",
        "repo": "default",
        "type": "github"
      }
    },
    "whisper": {
      "inputs": {
        "flake-utils": "flake-utils",
        "model": "model",
        "nixpkgs": "nixpkgs_3"
      },
      "locked": {
        "lastModified": 1743962136,
        "narHash": "sha256-YsKxkEGqGE+c0L+k8Vczq9UHpzSktR9/tm3zrF7abzo=",
        "owner": "Smaug123",
        "repo": "whisper.cpp",
        "rev": "e1faa8b19ead213f507dbabda45ac54b8765a6eb",
        "type": "github"
      },
      "original": {
        "owner": "Smaug123",
        "ref": "nix",
        "repo": "whisper.cpp",
        "type": "github"
      }
    }
  },
  "root": "root",
  "version": 7
}
