
Microsoft Visual Studio Solution File, Format Version 12.00
Project("{F2A71F9B-5D33-465A-A702-920D77279786}") = "VsCodeExtensions", "VsCodeExtensions\VsCodeExtensions.fsproj", "{5BD60C47-954A-42E3-9863-9B6ED29AC112}"
EndProject
Global
	GlobalSection(SolutionConfigurationPlatforms) = preSolution
		Debug|Any CPU = Debug|Any CPU
		Release|Any CPU = Release|Any CPU
	EndGlobalSection
	GlobalSection(ProjectConfigurationPlatforms) = postSolution
		{5BD60C47-954A-42E3-9863-9B6ED29AC112}.Debug|Any CPU.ActiveCfg = Debug|Any CPU
		{5BD60C47-954A-42E3-9863-9B6ED29AC112}.Debug|Any CPU.Build.0 = Debug|Any CPU
		{5BD60C47-954A-42E3-9863-9B6ED29AC112}.Release|Any CPU.ActiveCfg = Release|Any CPU
		{5BD60C47-954A-42E3-9863-9B6ED29AC112}.Release|Any CPU.Build.0 = Release|Any CPU
	EndGlobalSection
EndGlobal
